
Microsoft Visual Studio Solution File, Format Version 12.00
# Visual Studio 14
VisualStudioVersion = 14.0.24720.0
MinimumVisualStudioVersion = 10.0.40219.1
Project("{FAE04EC0-301F-11D3-BF4B-00C04F79EFBC}") = "GraphTestsSL", "GraphTests\GraphTestsSL.csproj", "{95CE44A6-216B-4FB5-9C1B-84200D7B7035}"
EndProject
Project("{FAE04EC0-301F-11D3-BF4B-00C04F79EFBC}") = "GraphViewSL", "GraphView\GraphViewSL.csproj", "{286E8BB7-C139-45D1-9197-189A80DB0617}"
EndProject
Project("{FAE04EC0-301F-11D3-BF4B-00C04F79EFBC}") = "GraphViewModelSL", "GraphViewModel\GraphViewModelSL.csproj", "{DA47909A-21CA-48D3-A982-2E418A39BE33}"
EndProject
Project("{FAE04EC0-301F-11D3-BF4B-00C04F79EFBC}") = "SilverlightGraphTestApp", "SilverlightGraphTestApp\SilverlightGraphTestApp.csproj", "{D174A233-1677-4FC1-B996-AFC4C8CCD97E}"
EndProject
Project("{FAE04EC0-301F-11D3-BF4B-00C04F79EFBC}") = "SilverlightGraphTestApp.Web", "SilverlightGraphTestApp.Web\SilverlightGraphTestApp.Web.csproj", "{2D198360-25C2-4EC9-AC3C-E179D3CA0868}"
EndProject
Project("{FAE04EC0-301F-11D3-BF4B-00C04F79EFBC}") = "GraphCoreSL", "Graph\GraphCoreSL.csproj", "{B9004160-4B1A-480B-8029-71BAFD806CF3}"
EndProject
Global
	GlobalSection(SolutionConfigurationPlatforms) = preSolution
		Debug|Any CPU = Debug|Any CPU
		Release|Any CPU = Release|Any CPU
		TravisEnvironment|Any CPU = TravisEnvironment|Any CPU
	EndGlobalSection
	GlobalSection(ProjectConfigurationPlatforms) = postSolution
		{95CE44A6-216B-4FB5-9C1B-84200D7B7035}.Debug|Any CPU.ActiveCfg = Debug|Any CPU
		{95CE44A6-216B-4FB5-9C1B-84200D7B7035}.Debug|Any CPU.Build.0 = Debug|Any CPU
		{95CE44A6-216B-4FB5-9C1B-84200D7B7035}.Release|Any CPU.ActiveCfg = Release|Any CPU
		{95CE44A6-216B-4FB5-9C1B-84200D7B7035}.Release|Any CPU.Build.0 = Release|Any CPU
		{95CE44A6-216B-4FB5-9C1B-84200D7B7035}.TravisEnvironment|Any CPU.ActiveCfg = Release|Any CPU
		{95CE44A6-216B-4FB5-9C1B-84200D7B7035}.TravisEnvironment|Any CPU.Build.0 = Release|Any CPU
		{286E8BB7-C139-45D1-9197-189A80DB0617}.Debug|Any CPU.ActiveCfg = Debug|Any CPU
		{286E8BB7-C139-45D1-9197-189A80DB0617}.Debug|Any CPU.Build.0 = Debug|Any CPU
		{286E8BB7-C139-45D1-9197-189A80DB0617}.Release|Any CPU.ActiveCfg = Release|Any CPU
		{286E8BB7-C139-45D1-9197-189A80DB0617}.Release|Any CPU.Build.0 = Release|Any CPU
		{286E8BB7-C139-45D1-9197-189A80DB0617}.TravisEnvironment|Any CPU.ActiveCfg = Release|Any CPU
		{286E8BB7-C139-45D1-9197-189A80DB0617}.TravisEnvironment|Any CPU.Build.0 = Release|Any CPU
		{DA47909A-21CA-48D3-A982-2E418A39BE33}.Debug|Any CPU.ActiveCfg = Debug|Any CPU
		{DA47909A-21CA-48D3-A982-2E418A39BE33}.Debug|Any CPU.Build.0 = Debug|Any CPU
		{DA47909A-21CA-48D3-A982-2E418A39BE33}.Release|Any CPU.ActiveCfg = Release|Any CPU
		{DA47909A-21CA-48D3-A982-2E418A39BE33}.Release|Any CPU.Build.0 = Release|Any CPU
		{DA47909A-21CA-48D3-A982-2E418A39BE33}.TravisEnvironment|Any CPU.ActiveCfg = Release|Any CPU
		{DA47909A-21CA-48D3-A982-2E418A39BE33}.TravisEnvironment|Any CPU.Build.0 = Release|Any CPU
		{D174A233-1677-4FC1-B996-AFC4C8CCD97E}.Debug|Any CPU.ActiveCfg = Debug|Any CPU
		{D174A233-1677-4FC1-B996-AFC4C8CCD97E}.Debug|Any CPU.Build.0 = Debug|Any CPU
		{D174A233-1677-4FC1-B996-AFC4C8CCD97E}.Release|Any CPU.ActiveCfg = Release|Any CPU
		{D174A233-1677-4FC1-B996-AFC4C8CCD97E}.Release|Any CPU.Build.0 = Release|Any CPU
		{D174A233-1677-4FC1-B996-AFC4C8CCD97E}.TravisEnvironment|Any CPU.ActiveCfg = Release|Any CPU
		{D174A233-1677-4FC1-B996-AFC4C8CCD97E}.TravisEnvironment|Any CPU.Build.0 = Release|Any CPU
		{2D198360-25C2-4EC9-AC3C-E179D3CA0868}.Debug|Any CPU.ActiveCfg = Debug|Any CPU
		{2D198360-25C2-4EC9-AC3C-E179D3CA0868}.Debug|Any CPU.Build.0 = Debug|Any CPU
		{2D198360-25C2-4EC9-AC3C-E179D3CA0868}.Release|Any CPU.ActiveCfg = Release|Any CPU
		{2D198360-25C2-4EC9-AC3C-E179D3CA0868}.Release|Any CPU.Build.0 = Release|Any CPU
		{2D198360-25C2-4EC9-AC3C-E179D3CA0868}.TravisEnvironment|Any CPU.ActiveCfg = Release|Any CPU
		{2D198360-25C2-4EC9-AC3C-E179D3CA0868}.TravisEnvironment|Any CPU.Build.0 = Release|Any CPU
		{B9004160-4B1A-480B-8029-71BAFD806CF3}.Debug|Any CPU.ActiveCfg = Debug|Any CPU
		{B9004160-4B1A-480B-8029-71BAFD806CF3}.Debug|Any CPU.Build.0 = Debug|Any CPU
		{B9004160-4B1A-480B-8029-71BAFD806CF3}.Release|Any CPU.ActiveCfg = Release|Any CPU
		{B9004160-4B1A-480B-8029-71BAFD806CF3}.Release|Any CPU.Build.0 = Release|Any CPU
		{B9004160-4B1A-480B-8029-71BAFD806CF3}.TravisEnvironment|Any CPU.ActiveCfg = Release|Any CPU
		{B9004160-4B1A-480B-8029-71BAFD806CF3}.TravisEnvironment|Any CPU.Build.0 = Release|Any CPU
	EndGlobalSection
	GlobalSection(SolutionProperties) = preSolution
		HideSolutionNode = FALSE
	EndGlobalSection
EndGlobal
